
Microsoft Visual Studio Solution File, Format Version 12.00
# Visual Studio Version 17
VisualStudioVersion = 17.0.31611.283
MinimumVisualStudioVersion = 10.0.40219.1
Project("{9A19103F-16F7-4668-BE54-9A1E7A4F7556}") = "NoiseEventMaui", "NoiseEventMaui\NoiseEventMaui.csproj", "{BF353556-A39C-4114-813B-968F6406489D}"
EndProject
Project("{2150E333-8FDC-42A3-9474-1A3956D46DE8}") = "Docs", "Docs", "{C86AB2C7-246A-43AD-8A56-DC190FE08A80}"
	ProjectSection(SolutionItems) = preProject
		CommunityToolkit.txt = CommunityToolkit.txt
		Notes.txt = Notes.txt
		..\README.md = ..\README.md
	EndProjectSection
EndProject
Global
	GlobalSection(SolutionConfigurationPlatforms) = preSolution
		Debug|Any CPU = Debug|Any CPU
		Release|Any CPU = Release|Any CPU
	EndGlobalSection
	GlobalSection(ProjectConfigurationPlatforms) = postSolution
		{BF353556-A39C-4114-813B-968F6406489D}.Debug|Any CPU.ActiveCfg = Debug|Any CPU
		{BF353556-A39C-4114-813B-968F6406489D}.Debug|Any CPU.Build.0 = Debug|Any CPU
		{BF353556-A39C-4114-813B-968F6406489D}.Debug|Any CPU.Deploy.0 = Debug|Any CPU
		{BF353556-A39C-4114-813B-968F6406489D}.Release|Any CPU.ActiveCfg = Release|Any CPU
		{BF353556-A39C-4114-813B-968F6406489D}.Release|Any CPU.Build.0 = Release|Any CPU
		{BF353556-A39C-4114-813B-968F6406489D}.Release|Any CPU.Deploy.0 = Release|Any CPU
	EndGlobalSection
	GlobalSection(SolutionProperties) = preSolution
		HideSolutionNode = FALSE
	EndGlobalSection
	GlobalSection(ExtensibilityGlobals) = postSolution
		SolutionGuid = {61F7FB11-1E47-470C-91E2-47F8143E1572}
	EndGlobalSection
EndGlobal
